// !$*UTF8*$!
{
	archiveVersion = 1;
	classes = {
	};
	objectVersion = 50;
	objects = {

/* Begin PBXBuildFile section */
		623B0136228F0157004FDAB9 /* AppDelegate.swift in Sources */ = {isa = PBXBuildFile; fileRef = 623B0135228F0157004FDAB9 /* AppDelegate.swift */; };
		623B0138228F0157004FDAB9 /* art.scnassets in Resources */ = {isa = PBXBuildFile; fileRef = 623B0137228F0157004FDAB9 /* art.scnassets */; };
		623B013A228F0157004FDAB9 /* ViewController.swift in Sources */ = {isa = PBXBuildFile; fileRef = 623B0139228F0157004FDAB9 /* ViewController.swift */; };
		623B013D228F0157004FDAB9 /* Main.storyboard in Resources */ = {isa = PBXBuildFile; fileRef = 623B013B228F0157004FDAB9 /* Main.storyboard */; };
		623B013F228F0158004FDAB9 /* Assets.xcassets in Resources */ = {isa = PBXBuildFile; fileRef = 623B013E228F0158004FDAB9 /* Assets.xcassets */; };
		623B0142228F0158004FDAB9 /* LaunchScreen.storyboard in Resources */ = {isa = PBXBuildFile; fileRef = 623B0140228F0158004FDAB9 /* LaunchScreen.storyboard */; };
		623B014A228F198C004FDAB9 /* Plane.swift in Sources */ = {isa = PBXBuildFile; fileRef = 623B0149228F198C004FDAB9 /* Plane.swift */; };
/* End PBXBuildFile section */

/* Begin PBXFileReference section */
		623B0132228F0157004FDAB9 /* ar-seed.app */ = {isa = PBXFileReference; explicitFileType = wrapper.application; includeInIndex = 0; path = "ar-seed.app"; sourceTree = BUILT_PRODUCTS_DIR; };
		623B0135228F0157004FDAB9 /* AppDelegate.swift */ = {isa = PBXFileReference; lastKnownFileType = sourcecode.swift; path = AppDelegate.swift; sourceTree = "<group>"; };
		623B0137228F0157004FDAB9 /* art.scnassets */ = {isa = PBXFileReference; lastKnownFileType = wrapper.scnassets; path = art.scnassets; sourceTree = "<group>"; };
		623B0139228F0157004FDAB9 /* ViewController.swift */ = {isa = PBXFileReference; lastKnownFileType = sourcecode.swift; path = ViewController.swift; sourceTree = "<group>"; };
		623B013C228F0157004FDAB9 /* Base */ = {isa = PBXFileReference; lastKnownFileType = file.storyboard; name = Base; path = Base.lproj/Main.storyboard; sourceTree = "<group>"; };
		623B013E228F0158004FDAB9 /* Assets.xcassets */ = {isa = PBXFileReference; lastKnownFileType = folder.assetcatalog; path = Assets.xcassets; sourceTree = "<group>"; };
		623B0141228F0158004FDAB9 /* Base */ = {isa = PBXFileReference; lastKnownFileType = file.storyboard; name = Base; path = Base.lproj/LaunchScreen.storyboard; sourceTree = "<group>"; };
		623B0143228F0158004FDAB9 /* Info.plist */ = {isa = PBXFileReference; lastKnownFileType = text.plist.xml; path = Info.plist; sourceTree = "<group>"; };
		623B0149228F198C004FDAB9 /* Plane.swift */ = {isa = PBXFileReference; lastKnownFileType = sourcecode.swift; path = Plane.swift; sourceTree = "<group>"; };
/* End PBXFileReference section */

/* Begin PBXFrameworksBuildPhase section */
		623B012F228F0157004FDAB9 /* Frameworks */ = {
			isa = PBXFrameworksBuildPhase;
			buildActionMask = 2147483647;
			files = (
			);
			runOnlyForDeploymentPostprocessing = 0;
		};
/* End PBXFrameworksBuildPhase section */

/* Begin PBXGroup section */
		623B0129228F0157004FDAB9 = {
			isa = PBXGroup;
			children = (
				623B0134228F0157004FDAB9 /* ar-seed */,
				623B0133228F0157004FDAB9 /* Products */,
			);
			sourceTree = "<group>";
		};
		623B0133228F0157004FDAB9 /* Products */ = {
			isa = PBXGroup;
			children = (
				623B0132228F0157004FDAB9 /* ar-seed.app */,
			);
			name = Products;
			sourceTree = "<group>";
		};
		623B0134228F0157004FDAB9 /* ar-seed */ = {
			isa = PBXGroup;
			children = (
				623B0135228F0157004FDAB9 /* AppDelegate.swift */,
				623B0137228F0157004FDAB9 /* art.scnassets */,
				623B0139228F0157004FDAB9 /* ViewController.swift */,
				623B0149228F198C004FDAB9 /* Plane.swift */,
				623B013B228F0157004FDAB9 /* Main.storyboard */,
				623B013E228F0158004FDAB9 /* Assets.xcassets */,
				623B0140228F0158004FDAB9 /* LaunchScreen.storyboard */,
				623B0143228F0158004FDAB9 /* Info.plist */,
			);
			path = "ar-seed";
			sourceTree = "<group>";
		};
/* End PBXGroup section */

/* Begin PBXNativeTarget section */
		623B0131228F0157004FDAB9 /* ar-seed */ = {
			isa = PBXNativeTarget;
			buildConfigurationList = 623B0146228F0158004FDAB9 /* Build configuration list for PBXNativeTarget "ar-seed" */;
			buildPhases = (
				623B012E228F0157004FDAB9 /* Sources */,
				623B012F228F0157004FDAB9 /* Frameworks */,
				623B0130228F0157004FDAB9 /* Resources */,
			);
			buildRules = (
			);
			dependencies = (
			);
			name = "ar-seed";
			productName = "ar-seed";
			productReference = 623B0132228F0157004FDAB9 /* ar-seed.app */;
			productType = "com.apple.product-type.application";
		};
/* End PBXNativeTarget section */

/* Begin PBXProject section */
		623B012A228F0157004FDAB9 /* Project object */ = {
			isa = PBXProject;
			attributes = {
				LastSwiftUpdateCheck = 1020;
				LastUpgradeCheck = 1020;
				ORGANIZATIONNAME = ae;
				TargetAttributes = {
					623B0131228F0157004FDAB9 = {
						CreatedOnToolsVersion = 10.2.1;
					};
				};
			};
			buildConfigurationList = 623B012D228F0157004FDAB9 /* Build configuration list for PBXProject "ar-seed" */;
			compatibilityVersion = "Xcode 9.3";
			developmentRegion = en;
			hasScannedForEncodings = 0;
			knownRegions = (
				en,
				Base,
			);
			mainGroup = 623B0129228F0157004FDAB9;
			productRefGroup = 623B0133228F0157004FDAB9 /* Products */;
			projectDirPath = "";
			projectRoot = "";
			targets = (
				623B0131228F0157004FDAB9 /* ar-seed */,
			);
		};
/* End PBXProject section */

/* Begin PBXResourcesBuildPhase section */
		623B0130228F0157004FDAB9 /* Resources */ = {
			isa = PBXResourcesBuildPhase;
			buildActionMask = 2147483647;
			files = (
				623B0138228F0157004FDAB9 /* art.scnassets in Resources */,
				623B0142228F0158004FDAB9 /* LaunchScreen.storyboard in Resources */,
				623B013F228F0158004FDAB9 /* Assets.xcassets in Resources */,
				623B013D228F0157004FDAB9 /* Main.storyboard in Resources */,
			);
			runOnlyForDeploymentPostprocessing = 0;
		};
/* End PBXResourcesBuildPhase section */

/* Begin PBXSourcesBuildPhase section */
		623B012E228F0157004FDAB9 /* Sources */ = {
			isa = PBXSourcesBuildPhase;
			buildActionMask = 2147483647;
			files = (
				623B013A228F0157004FDAB9 /* ViewController.swift in Sources */,
				623B014A228F198C004FDAB9 /* Plane.swift in Sources */,
				623B0136228F0157004FDAB9 /* AppDelegate.swift in Sources */,
			);
			runOnlyForDeploymentPostprocessing = 0;
		};
/* End PBXSourcesBuildPhase section */

/* Begin PBXVariantGroup section */
		623B013B228F0157004FDAB9 /* Main.storyboard */ = {
			isa = PBXVariantGroup;
			children = (
				623B013C228F0157004FDAB9 /* Base */,
			);
			name = Main.storyboard;
			sourceTree = "<group>";
		};
		623B0140228F0158004FDAB9 /* LaunchScreen.storyboard */ = {
			isa = PBXVariantGroup;
			children = (
				623B0141228F0158004FDAB9 /* Base */,
			);
			name = LaunchScreen.storyboard;
			sourceTree = "<group>";
		};
/* End PBXVariantGroup section */

/* Begin XCBuildConfiguration section */
		623B0144228F0158004FDAB9 /* Debug */ = {
			isa = XCBuildConfiguration;
			buildSettings = {
				ALWAYS_SEARCH_USER_PATHS = NO;
				CLANG_ANALYZER_NONNULL = YES;
				CLANG_ANALYZER_NUMBER_OBJECT_CONVERSION = YES_AGGRESSIVE;
				CLANG_CXX_LANGUAGE_STANDARD = "gnu++14";
				CLANG_CXX_LIBRARY = "libc++";
				CLANG_ENABLE_MODULES = YES;
				CLANG_ENABLE_OBJC_ARC = YES;
				CLANG_ENABLE_OBJC_WEAK = YES;
				CLANG_WARN_BLOCK_CAPTURE_AUTORELEASING = YES;
				CLANG_WARN_BOOL_CONVERSION = YES;
				CLANG_WARN_COMMA = YES;
				CLANG_WARN_CONSTANT_CONVERSION = YES;
				CLANG_WARN_DEPRECATED_OBJC_IMPLEMENTATIONS = YES;
				CLANG_WARN_DIRECT_OBJC_ISA_USAGE = YES_ERROR;
				CLANG_WARN_DOCUMENTATION_COMMENTS = YES;
				CLANG_WARN_EMPTY_BODY = YES;
				CLANG_WARN_ENUM_CONVERSION = YES;
				CLANG_WARN_INFINITE_RECURSION = YES;
				CLANG_WARN_INT_CONVERSION = YES;
				CLANG_WARN_NON_LITERAL_NULL_CONVERSION = YES;
				CLANG_WARN_OBJC_IMPLICIT_RETAIN_SELF = YES;
				CLANG_WARN_OBJC_LITERAL_CONVERSION = YES;
				CLANG_WARN_OBJC_ROOT_CLASS = YES_ERROR;
				CLANG_WARN_RANGE_LOOP_ANALYSIS = YES;
				CLANG_WARN_STRICT_PROTOTYPES = YES;
				CLANG_WARN_SUSPICIOUS_MOVE = YES;
				CLANG_WARN_UNGUARDED_AVAILABILITY = YES_AGGRESSIVE;
				CLANG_WARN_UNREACHABLE_CODE = YES;
				CLANG_WARN__DUPLICATE_METHOD_MATCH = YES;
				CODE_SIGN_IDENTITY = "iPhone Developer";
				COPY_PHASE_STRIP = NO;
				DEBUG_INFORMATION_FORMAT = dwarf;
				ENABLE_STRICT_OBJC_MSGSEND = YES;
				ENABLE_TESTABILITY = YES;
				GCC_C_LANGUAGE_STANDARD = gnu11;
				GCC_DYNAMIC_NO_PIC = NO;
				GCC_NO_COMMON_BLOCKS = YES;
				GCC_OPTIMIZATION_LEVEL = 0;
				GCC_PREPROCESSOR_DEFINITIONS = (
					"DEBUG=1",
					"$(inherited)",
				);
				GCC_WARN_64_TO_32_BIT_CONVERSION = YES;
				GCC_WARN_ABOUT_RETURN_TYPE = YES_ERROR;
				GCC_WARN_UNDECLARED_SELECTOR = YES;
				GCC_WARN_UNINITIALIZED_AUTOS = YES_AGGRESSIVE;
				GCC_WARN_UNUSED_FUNCTION = YES;
				GCC_WARN_UNUSED_VARIABLE = YES;
				IPHONEOS_DEPLOYMENT_TARGET = 12.2;
				MTL_ENABLE_DEBUG_INFO = INCLUDE_SOURCE;
				MTL_FAST_MATH = YES;
				ONLY_ACTIVE_ARCH = YES;
				SDKROOT = iphoneos;
				SWIFT_ACTIVE_COMPILATION_CONDITIONS = DEBUG;
				SWIFT_OPTIMIZATION_LEVEL = "-Onone";
			};
			name = Debug;
		};
		623B0145228F0158004FDAB9 /* Release */ = {
			isa = XCBuildConfiguration;
			buildSettings = {
				ALWAYS_SEARCH_USER_PATHS = NO;
				CLANG_ANALYZER_NONNULL = YES;
				CLANG_ANALYZER_NUMBER_OBJECT_CONVERSION = YES_AGGRESSIVE;
				CLANG_CXX_LANGUAGE_STANDARD = "gnu++14";
				CLANG_CXX_LIBRARY = "libc++";
				CLANG_ENABLE_MODULES = YES;
				CLANG_ENABLE_OBJC_ARC = YES;
				CLANG_ENABLE_OBJC_WEAK = YES;
				CLANG_WARN_BLOCK_CAPTURE_AUTORELEASING = YES;
				CLANG_WARN_BOOL_CONVERSION = YES;
				CLANG_WARN_COMMA = YES;
				CLANG_WARN_CONSTANT_CONVERSION = YES;
				CLANG_WARN_DEPRECATED_OBJC_IMPLEMENTATIONS = YES;
				CLANG_WARN_DIRECT_OBJC_ISA_USAGE = YES_ERROR;
				CLANG_WARN_DOCUMENTATION_COMMENTS = YES;
				CLANG_WARN_EMPTY_BODY = YES;
				CLANG_WARN_ENUM_CONVERSION = YES;
				CLANG_WARN_INFINITE_RECURSION = YES;
				CLANG_WARN_INT_CONVERSION = YES;
				CLANG_WARN_NON_LITERAL_NULL_CONVERSION = YES;
				CLANG_WARN_OBJC_IMPLICIT_RETAIN_SELF = YES;
				CLANG_WARN_OBJC_LITERAL_CONVERSION = YES;
				CLANG_WARN_OBJC_ROOT_CLASS = YES_ERROR;
				CLANG_WARN_RANGE_LOOP_ANALYSIS = YES;
				CLANG_WARN_STRICT_PROTOTYPES = YES;
				CLANG_WARN_SUSPICIOUS_MOVE = YES;
				CLANG_WARN_UNGUARDED_AVAILABILITY = YES_AGGRESSIVE;
				CLANG_WARN_UNREACHABLE_CODE = YES;
				CLANG_WARN__DUPLICATE_METHOD_MATCH = YES;
				CODE_SIGN_IDENTITY = "iPhone Developer";
				COPY_PHASE_STRIP = NO;
				DEBUG_INFORMATION_FORMAT = "dwarf-with-dsym";
				ENABLE_NS_ASSERTIONS = NO;
				ENABLE_STRICT_OBJC_MSGSEND = YES;
				GCC_C_LANGUAGE_STANDARD = gnu11;
				GCC_NO_COMMON_BLOCKS = YES;
				GCC_WARN_64_TO_32_BIT_CONVERSION = YES;
				GCC_WARN_ABOUT_RETURN_TYPE = YES_ERROR;
				GCC_WARN_UNDECLARED_SELECTOR = YES;
				GCC_WARN_UNINITIALIZED_AUTOS = YES_AGGRESSIVE;
				GCC_WARN_UNUSED_FUNCTION = YES;
				GCC_WARN_UNUSED_VARIABLE = YES;
				IPHONEOS_DEPLOYMENT_TARGET = 12.2;
				MTL_ENABLE_DEBUG_INFO = NO;
				MTL_FAST_MATH = YES;
				SDKROOT = iphoneos;
				SWIFT_COMPILATION_MODE = wholemodule;
				SWIFT_OPTIMIZATION_LEVEL = "-O";
				VALIDATE_PRODUCT = YES;
			};
			name = Release;
		};
		623B0147228F0158004FDAB9 /* Debug */ = {
			isa = XCBuildConfiguration;
			buildSettings = {
				ASSETCATALOG_COMPILER_APPICON_NAME = AppIcon;
				CODE_SIGN_STYLE = Automatic;
				DEVELOPMENT_TEAM = K9HM6AU8DF;
				INFOPLIST_FILE = "ar-seed/Info.plist";
				IPHONEOS_DEPLOYMENT_TARGET = 12.0;
				LD_RUNPATH_SEARCH_PATHS = (
					"$(inherited)",
					"@executable_path/Frameworks",
				);
				PRODUCT_BUNDLE_IDENTIFIER = "com.ae.ar-seed";
				PRODUCT_NAME = "$(TARGET_NAME)";
				SWIFT_VERSION = 5.0;
				TARGETED_DEVICE_FAMILY = "1,2";
			};
			name = Debug;
		};
		623B0148228F0158004FDAB9 /* Release */ = {
			isa = XCBuildConfiguration;
			buildSettings = {
				ASSETCATALOG_COMPILER_APPICON_NAME = AppIcon;
				CODE_SIGN_STYLE = Automatic;
				DEVELOPMENT_TEAM = K9HM6AU8DF;
				INFOPLIST_FILE = "ar-seed/Info.plist";
				IPHONEOS_DEPLOYMENT_TARGET = 12.0;
				LD_RUNPATH_SEARCH_PATHS = (
					"$(inherited)",
					"@executable_path/Frameworks",
				);
				PRODUCT_BUNDLE_IDENTIFIER = "com.ae.ar-seed";
				PRODUCT_NAME = "$(TARGET_NAME)";
				SWIFT_VERSION = 5.0;
				TARGETED_DEVICE_FAMILY = "1,2";
			};
			name = Release;
		};
/* End XCBuildConfiguration section */

/* Begin XCConfigurationList section */
		623B012D228F0157004FDAB9 /* Build configuration list for PBXProject "ar-seed" */ = {
			isa = XCConfigurationList;
			buildConfigurations = (
				623B0144228F0158004FDAB9 /* Debug */,
				623B0145228F0158004FDAB9 /* Release */,
			);
			defaultConfigurationIsVisible = 0;
			defaultConfigurationName = Release;
		};
		623B0146228F0158004FDAB9 /* Build configuration list for PBXNativeTarget "ar-seed" */ = {
			isa = XCConfigurationList;
			buildConfigurations = (
				623B0147228F0158004FDAB9 /* Debug */,
				623B0148228F0158004FDAB9 /* Release */,
			);
			defaultConfigurationIsVisible = 0;
			defaultConfigurationName = Release;
		};
/* End XCConfigurationList section */
	};
	rootObject = 623B012A228F0157004FDAB9 /* Project object */;
}
